<Solution>
  <Folder Name="/Solution Items/">
    <File Path=".gitattributes" />
    <File Path=".gitignore" />
    <File Path=".globalconfig" />
    <File Path="big-decimal.build.slnf" />
    <File Path="big-decimal.tests.slnf" />
    <File Path="Directory.Build.props" />
    <File Path="Directory.Build.targets" />
    <File Path="Directory.Packages.props" />
    <File Path="global.json" />
    <File Path="LICENSE" />
    <File Path="nuget.config" />
    <File Path="README.md" />
  </Folder>
  <Folder Name="/Solution Items/.github/">
    <File Path=".github/copilot-instructions.md" />
    <File Path=".github/dependabot.yml" />
    <File Path=".github/PULL_REQUEST_TEMPLATE.md" />
  </Folder>
  <Folder Name="/Solution Items/.github/ISSUE_TEMPLATE/">
    <File Path=".github/ISSUE_TEMPLATE/bug_report.yml" />
    <File Path=".github/ISSUE_TEMPLATE/config.yml" />
    <File Path=".github/ISSUE_TEMPLATE/feature_request.yml" />
  </Folder>
  <Folder Name="/Solution Items/.github/workflows/">
    <File Path=".github/workflows/build-deploy.yml" />
    <File Path=".github/workflows/test.yml" />
  </Folder>
  <Folder Name="/Solution Items/assets/">
    <File Path="assets/icon.png" />
    <File Path="assets/key.snk" />
    <File Path="assets/RELEASE-NOTES.txt" />
  </Folder>
  <Folder Name="/Solution Items/docs/">
    <File Path="docs/CODE_OF_CONDUCT.md" />
    <File Path="docs/CONTRIBUTING.md" />
    <File Path="docs/SECURITY.md" />
  </Folder>
  <Folder Name="/src/">
    <Project Path="src/PetToys.BigDecimal.ClickHouse/PetToys.BigDecimal.ClickHouse.csproj" Id="a030b96c-4db6-405b-ba4b-ae245b944939" />
    <Project Path="src/PetToys.BigDecimal.Npgsql/PetToys.BigDecimal.Npgsql.csproj" Id="80df2c13-a419-4cb8-b895-e8364c16c8ab" />
    <Project Path="src/PetToys.BigDecimal/PetToys.BigDecimal.csproj" Id="e3ed5e88-2584-41e0-9226-2a1deee6dce4" />
  </Folder>
  <Folder Name="/test/">
    <File Path="test/Directory.Packages.props" />
    <Project Path="test/PetToys.BigDecimal.ClickHouse.Tests/PetToys.BigDecimal.ClickHouse.Tests.csproj" Id="96111a3f-594f-4f44-99b5-ec068adbf3d8" />
    <Project Path="test/PetToys.BigDecimal.Npgsql.Tests/PetToys.BigDecimal.Npgsql.Tests.csproj" Id="b244f612-4406-4fb3-a5cf-38a52be7ccc3" />
    <Project Path="test/PetToys.BigDecimal.Tests/PetToys.BigDecimal.Tests.csproj" Id="8ca470e5-990e-4769-903a-d644730f5403" />
  </Folder>
</Solution>
